<?xml version="1.0" encoding="utf-8"?>
<Project ToolsVersion="4.0" xmlns="http://schemas.microsoft.com/developer/msbuild/2003">
  <ItemGroup>
    <Filter Include="Fichiers sources">
      <UniqueIdentifier>{4FC737F1-C7A5-4376-A066-2A32D752A2FF}</UniqueIdentifier>
      <Extensions>cpp;c;cc;cxx;def;odl;idl;hpj;bat;asm;asmx</Extensions>
    </Filter>
    <Filter Include="Fichiers de ressources">
      <UniqueIdentifier>{67DA6AB6-F800-4c08-8B7A-83BB121AAD01}</UniqueIdentifier>
      <Extensions>rc;ico;cur;bmp;dlg;rc2;rct;bin;rgs;gif;jpg;jpeg;jpe;resx;tiff;tif;png;wav;mfcribbon-ms</Extensions>
    </Filter>
  </ItemGroup>
  <ItemGroup>
    <ClInclude Include="src\Assets.hpp">
      <Filter>Fichiers sources</Filter>
    </ClInclude>
    <ClInclude Include="src\Collision.hpp">
      <Filter>Fichiers sources</Filter>
    </ClInclude>
    <ClInclude Include="src\constexpr.hpp">
      <Filter>Fichiers sources</Filter>
    </ClInclude>
    <ClInclude Include="src\dyn_struct.hpp">
      <Filter>Fichiers sources</Filter>
    </ClInclude>
    <ClInclude Include="src\Editor.hpp">
      <Filter>Fichiers sources</Filter>
    </ClInclude>
    <ClInclude Include="src\Game.hpp">
      <Filter>Fichiers sources</Filter>
    </ClInclude>
    <ClInclude Include="src\global.hpp">
      <Filter>Fichiers sources</Filter>
    </ClInclude>
    <ClInclude Include="src\imconfig.h">
      <Filter>Fichiers sources</Filter>
    </ClInclude>
    <ClInclude Include="src\Level.hpp">
      <Filter>Fichiers sources</Filter>
    </ClInclude>
    <ClInclude Include="src\macros.hpp">
      <Filter>Fichiers sources</Filter>
    </ClInclude>
    <ClInclude Include="src\Player.hpp">
      <Filter>Fichiers sources</Filter>
    </ClInclude>
    <ClInclude Include="src\Time.hpp">
      <Filter>Fichiers sources</Filter>
    </ClInclude>
    <ClInclude Include="src\xstd.hpp">
      <Filter>Fichiers sources</Filter>
    </ClInclude>
    <ClInclude Include="src\Graphic\Animation.hpp">
      <Filter>Fichiers sources</Filter>
    </ClInclude>
    <ClInclude Include="src\Graphic\FrameBuffer.hpp">
      <Filter>Fichiers sources</Filter>
    </ClInclude>
    <ClInclude Include="src\Graphic\Graphics.hpp">
      <Filter>Fichiers sources</Filter>
    </ClInclude>
    <ClInclude Include="src\Graphic\imgui_impl_opengl3.hpp">
      <Filter>Fichiers sources</Filter>
    </ClInclude>
    <ClInclude Include="src\Graphic\imgui_impl_win32.hpp">
      <Filter>Fichiers sources</Filter>
    </ClInclude>
    <ClInclude Include="src\Graphic\OpenGL.hpp">
      <Filter>Fichiers sources</Filter>
    </ClInclude>
    <ClInclude Include="src\Graphic\Particle.hpp">
      <Filter>Fichiers sources</Filter>
    </ClInclude>
    <ClInclude Include="src\Graphic\Shader.hpp">
      <Filter>Fichiers sources</Filter>
    </ClInclude>
    <ClInclude Include="src\Graphic\Texture.hpp">
      <Filter>Fichiers sources</Filter>
    </ClInclude>
    <ClInclude Include="src\Managers\AssetsManager.hpp">
      <Filter>Fichiers sources</Filter>
    </ClInclude>
    <ClInclude Include="src\Managers\InputsManager.hpp">
      <Filter>Fichiers sources</Filter>
    </ClInclude>
    <ClInclude Include="src\Math\Circle.hpp">
      <Filter>Fichiers sources</Filter>
    </ClInclude>
    <ClInclude Include="src\Math\Matrix.hpp">
      <Filter>Fichiers sources</Filter>
    </ClInclude>
    <ClInclude Include="src\Math\RandomData.hpp">
      <Filter>Fichiers sources</Filter>
    </ClInclude>
    <ClInclude Include="src\Math\Ray.hpp">
      <Filter>Fichiers sources</Filter>
    </ClInclude>
    <ClInclude Include="src\Math\Rectangle.hpp">
      <Filter>Fichiers sources</Filter>
    </ClInclude>
    <ClInclude Include="src\Math\Segment.hpp">
      <Filter>Fichiers sources</Filter>
    </ClInclude>
    <ClInclude Include="src\Math\Vector.hpp">
      <Filter>Fichiers sources</Filter>
    </ClInclude>
    <ClInclude Include="src\Memory\ValuePtr.hpp">
      <Filter>Fichiers sources</Filter>
    </ClInclude>
    <ClInclude Include="src\OS\file.hpp">
      <Filter>Fichiers sources</Filter>
    </ClInclude>
    <ClInclude Include="src\OS\RealTimeIO.hpp">
      <Filter>Fichiers sources</Filter>
    </ClInclude>
    <ClInclude Include="src\OS\OpenGL.hpp" />
  </ItemGroup>
  <ItemGroup>
    <ClCompile Include="src\Collision.cpp">
      <Filter>Fichiers sources</Filter>
    </ClCompile>
    <ClCompile Include="src\dyn_struct.cpp">
      <Filter>Fichiers sources</Filter>
    </ClCompile>
    <ClCompile Include="src\Editor.cpp">
      <Filter>Fichiers sources</Filter>
    </ClCompile>
    <ClCompile Include="src\Game.cpp">
      <Filter>Fichiers sources</Filter>
    </ClCompile>
    <ClCompile Include="src\global.cpp">
      <Filter>Fichiers sources</Filter>
    </ClCompile>
    <ClCompile Include="src\Level.cpp">
      <Filter>Fichiers sources</Filter>
    </ClCompile>
    <ClCompile Include="src\Player.cpp">
      <Filter>Fichiers sources</Filter>
    </ClCompile>
    <ClCompile Include="src\Time.cpp">
      <Filter>Fichiers sources</Filter>
    </ClCompile>
    <ClCompile Include="src\Entry\win32_main.cpp">
      <Filter>Fichiers sources</Filter>
    </ClCompile>
    <ClCompile Include="src\Graphic\Animation.cpp">
      <Filter>Fichiers sources</Filter>
    </ClCompile>
    <ClCompile Include="src\Graphic\FrameBuffer.cpp">
      <Filter>Fichiers sources</Filter>
    </ClCompile>
    <ClCompile Include="src\Graphic\Graphics.cpp">
      <Filter>Fichiers sources</Filter>
    </ClCompile>
    <ClCompile Include="src\Graphic\imgui_impl_opengl3.cpp">
      <Filter>Fichiers sources</Filter>
    </ClCompile>
    <ClCompile Include="src\Graphic\Particle.cpp">
      <Filter>Fichiers sources</Filter>
    </ClCompile>
    <ClCompile Include="src\Graphic\Shader.cpp">
      <Filter>Fichiers sources</Filter>
    </ClCompile>
    <ClCompile Include="src\Graphic\Texture.cpp">
      <Filter>Fichiers sources</Filter>
    </ClCompile>
    <ClCompile Include="src\Managers\AssetsManager.cpp">
      <Filter>Fichiers sources</Filter>
    </ClCompile>
    <ClCompile Include="src\Managers\InputsManager.cpp">
      <Filter>Fichiers sources</Filter>
    </ClCompile>
    <ClCompile Include="src\OS\Windows\file.cpp">
      <Filter>Fichiers sources</Filter>
    </ClCompile>
    <ClCompile Include="src\OS\Windows\RealTimeIO.cpp">
      <Filter>Fichiers sources</Filter>
    </ClCompile>
    <ClCompile Include="src\Graphic\imgui_impl_win32.cpp">
      <Filter>Fichiers sources</Filter>
    </ClCompile>
  </ItemGroup>
  <ItemGroup>
    <None Include="assets\config.json" />
  </ItemGroup>
</Project>